
Microsoft Visual Studio Solution File, Format Version 12.00
# Visual Studio Version 17
VisualStudioVersion = 17.0.31903.59
MinimumVisualStudioVersion = 10.0.40219.1
Project("{FAE04EC0-301F-11D3-BF4B-00C04F79EFBC}") = "AIPM.SharedKernel", "AIPM.SharedKernel\AIPM.SharedKernel.csproj", "{F6DE8CE6-E65E-4C65-B25B-52DD959632BD}"
EndProject
Project("{FAE04EC0-301F-11D3-BF4B-00C04F79EFBC}") = "AIPM.Domain", "AIPM.Domain\AIPM.Domain.csproj", "{36B54E16-0B30-455B-AA5B-E9400CB21569}"
EndProject
Project("{FAE04EC0-301F-11D3-BF4B-00C04F79EFBC}") = "AIPM.Application", "AIPM.Application\AIPM.Application.csproj", "{3F04AF3F-B35C-40C6-9498-BA929783859E}"
EndProject
Project("{FAE04EC0-301F-11D3-BF4B-00C04F79EFBC}") = "AIPM.Infrastructure", "AIPM.Infrastructure\AIPM.Infrastructure.csproj", "{447DAF2E-13DA-4159-8D25-788BB1EFF02B}"
EndProject
Project("{FAE04EC0-301F-11D3-BF4B-00C04F79EFBC}") = "AIPM.Plugins", "AIPM.Plugins\AIPM.Plugins.csproj", "{9748B949-E4CC-4473-A73B-D176B53D8D78}"
EndProject
Project("{FAE04EC0-301F-11D3-BF4B-00C04F79EFBC}") = "AIPM.Workflow", "AIPM.Workflow\AIPM.Workflow.csproj", "{AFA3B967-1143-4EE5-9FAF-B90F47F581AF}"
EndProject
Project("{FAE04EC0-301F-11D3-BF4B-00C04F79EFBC}") = "AIPM.Host", "AIPM.Host\AIPM.Host.csproj", "{C2DE229B-271C-4149-900C-D0CEAFBCD865}"
EndProject
Project("{FAE04EC0-301F-11D3-BF4B-00C04F79EFBC}") = "AIPM.SharedKernel.Tests", "..\tests\AIPM.SharedKernel.Tests\AIPM.SharedKernel.Tests.csproj", "{21C83723-3696-489B-B3C0-8E719142730B}"
EndProject
Project("{FAE04EC0-301F-11D3-BF4B-00C04F79EFBC}") = "AIPM.Architecture.Tests", "..\tests\AIPM.Architecture.Tests\AIPM.Architecture.Tests.csproj", "{DF2AFE95-6E26-4E17-91B5-AEF8B04129CC}"
EndProject
Project("{FAE04EC0-301F-11D3-BF4B-00C04F79EFBC}") = "AIPM.Host.Tests", "..\tests\AIPM.Host.Tests\AIPM.Host.Tests.csproj", "{49C3F06F-0A11-4C1B-9DAE-71956FD4F073}"
EndProject
Global
	GlobalSection(SolutionConfigurationPlatforms) = preSolution
		Debug|Any CPU = Debug|Any CPU
		Debug|x64 = Debug|x64
		Debug|x86 = Debug|x86
		Release|Any CPU = Release|Any CPU
		Release|x64 = Release|x64
		Release|x86 = Release|x86
	EndGlobalSection
	GlobalSection(ProjectConfigurationPlatforms) = postSolution
		{F6DE8CE6-E65E-4C65-B25B-52DD959632BD}.Debug|Any CPU.ActiveCfg = Debug|Any CPU
		{F6DE8CE6-E65E-4C65-B25B-52DD959632BD}.Debug|Any CPU.Build.0 = Debug|Any CPU
		{F6DE8CE6-E65E-4C65-B25B-52DD959632BD}.Debug|x64.ActiveCfg = Debug|Any CPU
		{F6DE8CE6-E65E-4C65-B25B-52DD959632BD}.Debug|x64.Build.0 = Debug|Any CPU
		{F6DE8CE6-E65E-4C65-B25B-52DD959632BD}.Debug|x86.ActiveCfg = Debug|Any CPU
		{F6DE8CE6-E65E-4C65-B25B-52DD959632BD}.Debug|x86.Build.0 = Debug|Any CPU
		{F6DE8CE6-E65E-4C65-B25B-52DD959632BD}.Release|Any CPU.ActiveCfg = Release|Any CPU
		{F6DE8CE6-E65E-4C65-B25B-52DD959632BD}.Release|Any CPU.Build.0 = Release|Any CPU
		{F6DE8CE6-E65E-4C65-B25B-52DD959632BD}.Release|x64.ActiveCfg = Release|Any CPU
		{F6DE8CE6-E65E-4C65-B25B-52DD959632BD}.Release|x64.Build.0 = Release|Any CPU
		{F6DE8CE6-E65E-4C65-B25B-52DD959632BD}.Release|x86.ActiveCfg = Release|Any CPU
		{F6DE8CE6-E65E-4C65-B25B-52DD959632BD}.Release|x86.Build.0 = Release|Any CPU
		{36B54E16-0B30-455B-AA5B-E9400CB21569}.Debug|Any CPU.ActiveCfg = Debug|Any CPU
		{36B54E16-0B30-455B-AA5B-E9400CB21569}.Debug|Any CPU.Build.0 = Debug|Any CPU
		{36B54E16-0B30-455B-AA5B-E9400CB21569}.Debug|x64.ActiveCfg = Debug|Any CPU
		{36B54E16-0B30-455B-AA5B-E9400CB21569}.Debug|x64.Build.0 = Debug|Any CPU
		{36B54E16-0B30-455B-AA5B-E9400CB21569}.Debug|x86.ActiveCfg = Debug|Any CPU
		{36B54E16-0B30-455B-AA5B-E9400CB21569}.Debug|x86.Build.0 = Debug|Any CPU
		{36B54E16-0B30-455B-AA5B-E9400CB21569}.Release|Any CPU.ActiveCfg = Release|Any CPU
		{36B54E16-0B30-455B-AA5B-E9400CB21569}.Release|Any CPU.Build.0 = Release|Any CPU
		{36B54E16-0B30-455B-AA5B-E9400CB21569}.Release|x64.ActiveCfg = Release|Any CPU
		{36B54E16-0B30-455B-AA5B-E9400CB21569}.Release|x64.Build.0 = Release|Any CPU
		{36B54E16-0B30-455B-AA5B-E9400CB21569}.Release|x86.ActiveCfg = Release|Any CPU
		{36B54E16-0B30-455B-AA5B-E9400CB21569}.Release|x86.Build.0 = Release|Any CPU
		{3F04AF3F-B35C-40C6-9498-BA929783859E}.Debug|Any CPU.ActiveCfg = Debug|Any CPU
		{3F04AF3F-B35C-40C6-9498-BA929783859E}.Debug|Any CPU.Build.0 = Debug|Any CPU
		{3F04AF3F-B35C-40C6-9498-BA929783859E}.Debug|x64.ActiveCfg = Debug|Any CPU
		{3F04AF3F-B35C-40C6-9498-BA929783859E}.Debug|x64.Build.0 = Debug|Any CPU
		{3F04AF3F-B35C-40C6-9498-BA929783859E}.Debug|x86.ActiveCfg = Debug|Any CPU
		{3F04AF3F-B35C-40C6-9498-BA929783859E}.Debug|x86.Build.0 = Debug|Any CPU
		{3F04AF3F-B35C-40C6-9498-BA929783859E}.Release|Any CPU.ActiveCfg = Release|Any CPU
		{3F04AF3F-B35C-40C6-9498-BA929783859E}.Release|Any CPU.Build.0 = Release|Any CPU
		{3F04AF3F-B35C-40C6-9498-BA929783859E}.Release|x64.ActiveCfg = Release|Any CPU
		{3F04AF3F-B35C-40C6-9498-BA929783859E}.Release|x64.Build.0 = Release|Any CPU
		{3F04AF3F-B35C-40C6-9498-BA929783859E}.Release|x86.ActiveCfg = Release|Any CPU
		{3F04AF3F-B35C-40C6-9498-BA929783859E}.Release|x86.Build.0 = Release|Any CPU
		{447DAF2E-13DA-4159-8D25-788BB1EFF02B}.Debug|Any CPU.ActiveCfg = Debug|Any CPU
		{447DAF2E-13DA-4159-8D25-788BB1EFF02B}.Debug|Any CPU.Build.0 = Debug|Any CPU
		{447DAF2E-13DA-4159-8D25-788BB1EFF02B}.Debug|x64.ActiveCfg = Debug|Any CPU
		{447DAF2E-13DA-4159-8D25-788BB1EFF02B}.Debug|x64.Build.0 = Debug|Any CPU
		{447DAF2E-13DA-4159-8D25-788BB1EFF02B}.Debug|x86.ActiveCfg = Debug|Any CPU
		{447DAF2E-13DA-4159-8D25-788BB1EFF02B}.Debug|x86.Build.0 = Debug|Any CPU
		{447DAF2E-13DA-4159-8D25-788BB1EFF02B}.Release|Any CPU.ActiveCfg = Release|Any CPU
		{447DAF2E-13DA-4159-8D25-788BB1EFF02B}.Release|Any CPU.Build.0 = Release|Any CPU
		{447DAF2E-13DA-4159-8D25-788BB1EFF02B}.Release|x64.ActiveCfg = Release|Any CPU
		{447DAF2E-13DA-4159-8D25-788BB1EFF02B}.Release|x64.Build.0 = Release|Any CPU
		{447DAF2E-13DA-4159-8D25-788BB1EFF02B}.Release|x86.ActiveCfg = Release|Any CPU
		{447DAF2E-13DA-4159-8D25-788BB1EFF02B}.Release|x86.Build.0 = Release|Any CPU
		{9748B949-E4CC-4473-A73B-D176B53D8D78}.Debug|Any CPU.ActiveCfg = Debug|Any CPU
		{9748B949-E4CC-4473-A73B-D176B53D8D78}.Debug|Any CPU.Build.0 = Debug|Any CPU
		{9748B949-E4CC-4473-A73B-D176B53D8D78}.Debug|x64.ActiveCfg = Debug|Any CPU
		{9748B949-E4CC-4473-A73B-D176B53D8D78}.Debug|x64.Build.0 = Debug|Any CPU
		{9748B949-E4CC-4473-A73B-D176B53D8D78}.Debug|x86.ActiveCfg = Debug|Any CPU
		{9748B949-E4CC-4473-A73B-D176B53D8D78}.Debug|x86.Build.0 = Debug|Any CPU
		{9748B949-E4CC-4473-A73B-D176B53D8D78}.Release|Any CPU.ActiveCfg = Release|Any CPU
		{9748B949-E4CC-4473-A73B-D176B53D8D78}.Release|Any CPU.Build.0 = Release|Any CPU
		{9748B949-E4CC-4473-A73B-D176B53D8D78}.Release|x64.ActiveCfg = Release|Any CPU
		{9748B949-E4CC-4473-A73B-D176B53D8D78}.Release|x64.Build.0 = Release|Any CPU
		{9748B949-E4CC-4473-A73B-D176B53D8D78}.Release|x86.ActiveCfg = Release|Any CPU
		{9748B949-E4CC-4473-A73B-D176B53D8D78}.Release|x86.Build.0 = Release|Any CPU
		{AFA3B967-1143-4EE5-9FAF-B90F47F581AF}.Debug|Any CPU.ActiveCfg = Debug|Any CPU
		{AFA3B967-1143-4EE5-9FAF-B90F47F581AF}.Debug|Any CPU.Build.0 = Debug|Any CPU
		{AFA3B967-1143-4EE5-9FAF-B90F47F581AF}.Debug|x64.ActiveCfg = Debug|Any CPU
		{AFA3B967-1143-4EE5-9FAF-B90F47F581AF}.Debug|x64.Build.0 = Debug|Any CPU
		{AFA3B967-1143-4EE5-9FAF-B90F47F581AF}.Debug|x86.ActiveCfg = Debug|Any CPU
		{AFA3B967-1143-4EE5-9FAF-B90F47F581AF}.Debug|x86.Build.0 = Debug|Any CPU
		{AFA3B967-1143-4EE5-9FAF-B90F47F581AF}.Release|Any CPU.ActiveCfg = Release|Any CPU
		{AFA3B967-1143-4EE5-9FAF-B90F47F581AF}.Release|Any CPU.Build.0 = Release|Any CPU
		{AFA3B967-1143-4EE5-9FAF-B90F47F581AF}.Release|x64.ActiveCfg = Release|Any CPU
		{AFA3B967-1143-4EE5-9FAF-B90F47F581AF}.Release|x64.Build.0 = Release|Any CPU
		{AFA3B967-1143-4EE5-9FAF-B90F47F581AF}.Release|x86.ActiveCfg = Release|Any CPU
		{AFA3B967-1143-4EE5-9FAF-B90F47F581AF}.Release|x86.Build.0 = Release|Any CPU
		{C2DE229B-271C-4149-900C-D0CEAFBCD865}.Debug|Any CPU.ActiveCfg = Debug|Any CPU
		{C2DE229B-271C-4149-900C-D0CEAFBCD865}.Debug|Any CPU.Build.0 = Debug|Any CPU
		{C2DE229B-271C-4149-900C-D0CEAFBCD865}.Debug|x64.ActiveCfg = Debug|Any CPU
		{C2DE229B-271C-4149-900C-D0CEAFBCD865}.Debug|x64.Build.0 = Debug|Any CPU
		{C2DE229B-271C-4149-900C-D0CEAFBCD865}.Debug|x86.ActiveCfg = Debug|Any CPU
		{C2DE229B-271C-4149-900C-D0CEAFBCD865}.Debug|x86.Build.0 = Debug|Any CPU
		{C2DE229B-271C-4149-900C-D0CEAFBCD865}.Release|Any CPU.ActiveCfg = Release|Any CPU
		{C2DE229B-271C-4149-900C-D0CEAFBCD865}.Release|Any CPU.Build.0 = Release|Any CPU
		{C2DE229B-271C-4149-900C-D0CEAFBCD865}.Release|x64.ActiveCfg = Release|Any CPU
		{C2DE229B-271C-4149-900C-D0CEAFBCD865}.Release|x64.Build.0 = Release|Any CPU
		{C2DE229B-271C-4149-900C-D0CEAFBCD865}.Release|x86.ActiveCfg = Release|Any CPU
		{C2DE229B-271C-4149-900C-D0CEAFBCD865}.Release|x86.Build.0 = Release|Any CPU
		{21C83723-3696-489B-B3C0-8E719142730B}.Debug|Any CPU.ActiveCfg = Debug|Any CPU
		{21C83723-3696-489B-B3C0-8E719142730B}.Debug|Any CPU.Build.0 = Debug|Any CPU
		{21C83723-3696-489B-B3C0-8E719142730B}.Debug|x64.ActiveCfg = Debug|Any CPU
		{21C83723-3696-489B-B3C0-8E719142730B}.Debug|x64.Build.0 = Debug|Any CPU
		{21C83723-3696-489B-B3C0-8E719142730B}.Debug|x86.ActiveCfg = Debug|Any CPU
		{21C83723-3696-489B-B3C0-8E719142730B}.Debug|x86.Build.0 = Debug|Any CPU
		{21C83723-3696-489B-B3C0-8E719142730B}.Release|Any CPU.ActiveCfg = Release|Any CPU
		{21C83723-3696-489B-B3C0-8E719142730B}.Release|Any CPU.Build.0 = Release|Any CPU
		{21C83723-3696-489B-B3C0-8E719142730B}.Release|x64.ActiveCfg = Release|Any CPU
		{21C83723-3696-489B-B3C0-8E719142730B}.Release|x64.Build.0 = Release|Any CPU
		{21C83723-3696-489B-B3C0-8E719142730B}.Release|x86.ActiveCfg = Release|Any CPU
		{21C83723-3696-489B-B3C0-8E719142730B}.Release|x86.Build.0 = Release|Any CPU
		{DF2AFE95-6E26-4E17-91B5-AEF8B04129CC}.Debug|Any CPU.ActiveCfg = Debug|Any CPU
		{DF2AFE95-6E26-4E17-91B5-AEF8B04129CC}.Debug|Any CPU.Build.0 = Debug|Any CPU
		{DF2AFE95-6E26-4E17-91B5-AEF8B04129CC}.Debug|x64.ActiveCfg = Debug|Any CPU
		{DF2AFE95-6E26-4E17-91B5-AEF8B04129CC}.Debug|x64.Build.0 = Debug|Any CPU
		{DF2AFE95-6E26-4E17-91B5-AEF8B04129CC}.Debug|x86.ActiveCfg = Debug|Any CPU
		{DF2AFE95-6E26-4E17-91B5-AEF8B04129CC}.Debug|x86.Build.0 = Debug|Any CPU
		{DF2AFE95-6E26-4E17-91B5-AEF8B04129CC}.Release|Any CPU.ActiveCfg = Release|Any CPU
		{DF2AFE95-6E26-4E17-91B5-AEF8B04129CC}.Release|Any CPU.Build.0 = Release|Any CPU
		{DF2AFE95-6E26-4E17-91B5-AEF8B04129CC}.Release|x64.ActiveCfg = Release|Any CPU
		{DF2AFE95-6E26-4E17-91B5-AEF8B04129CC}.Release|x64.Build.0 = Release|Any CPU
		{DF2AFE95-6E26-4E17-91B5-AEF8B04129CC}.Release|x86.ActiveCfg = Release|Any CPU
		{DF2AFE95-6E26-4E17-91B5-AEF8B04129CC}.Release|x86.Build.0 = Release|Any CPU
		{49C3F06F-0A11-4C1B-9DAE-71956FD4F073}.Debug|Any CPU.ActiveCfg = Debug|Any CPU
		{49C3F06F-0A11-4C1B-9DAE-71956FD4F073}.Debug|Any CPU.Build.0 = Debug|Any CPU
		{49C3F06F-0A11-4C1B-9DAE-71956FD4F073}.Debug|x64.ActiveCfg = Debug|Any CPU
		{49C3F06F-0A11-4C1B-9DAE-71956FD4F073}.Debug|x64.Build.0 = Debug|Any CPU
		{49C3F06F-0A11-4C1B-9DAE-71956FD4F073}.Debug|x86.ActiveCfg = Debug|Any CPU
		{49C3F06F-0A11-4C1B-9DAE-71956FD4F073}.Debug|x86.Build.0 = Debug|Any CPU
		{49C3F06F-0A11-4C1B-9DAE-71956FD4F073}.Release|Any CPU.ActiveCfg = Release|Any CPU
		{49C3F06F-0A11-4C1B-9DAE-71956FD4F073}.Release|Any CPU.Build.0 = Release|Any CPU
		{49C3F06F-0A11-4C1B-9DAE-71956FD4F073}.Release|x64.ActiveCfg = Release|Any CPU
		{49C3F06F-0A11-4C1B-9DAE-71956FD4F073}.Release|x64.Build.0 = Release|Any CPU
		{49C3F06F-0A11-4C1B-9DAE-71956FD4F073}.Release|x86.ActiveCfg = Release|Any CPU
		{49C3F06F-0A11-4C1B-9DAE-71956FD4F073}.Release|x86.Build.0 = Release|Any CPU
	EndGlobalSection
	GlobalSection(SolutionProperties) = preSolution
		HideSolutionNode = FALSE
	EndGlobalSection
EndGlobal
